
Microsoft Visual Studio Solution File, Format Version 12.00
# Visual Studio Version 17
VisualStudioVersion = 17.6.33815.320
MinimumVisualStudioVersion = 10.0.40219.1
Project("{FAE04EC0-301F-11D3-BF4B-00C04F79EFBC}") = "WebBanHoa", "WebBanHoa\WebBanHoa.csproj", "{21BD2DED-0493-4AE2-949C-FC3D5542901B}"
EndProject
Global
	GlobalSection(SolutionConfigurationPlatforms) = preSolution
		Debug|Any CPU = Debug|Any CPU
		Release|Any CPU = Release|Any CPU
	EndGlobalSection
	GlobalSection(ProjectConfigurationPlatforms) = postSolution
		{21BD2DED-0493-4AE2-949C-FC3D5542901B}.Debug|Any CPU.ActiveCfg = Debug|Any CPU
		{21BD2DED-0493-4AE2-949C-FC3D5542901B}.Debug|Any CPU.Build.0 = Debug|Any CPU
		{21BD2DED-0493-4AE2-949C-FC3D5542901B}.Release|Any CPU.ActiveCfg = Release|Any CPU
		{21BD2DED-0493-4AE2-949C-FC3D5542901B}.Release|Any CPU.Build.0 = Release|Any CPU
	EndGlobalSection
	GlobalSection(SolutionProperties) = preSolution
		HideSolutionNode = FALSE
	EndGlobalSection
	GlobalSection(ExtensibilityGlobals) = postSolution
		SolutionGuid = {EF5E58FC-44C1-4C80-8664-8A4D2B6F79D8}
	EndGlobalSection
EndGlobal
